
Microsoft Visual Studio Solution File, Format Version 12.00
# Visual Studio Version 17
VisualStudioVersion = 17.9.34622.214
MinimumVisualStudioVersion = 10.0.40219.1
Project("{8BC9CEB8-8B4A-11D0-8D11-00A0C91BC942}") = "Project1", "Project1.vcxproj", "{AAD3E6BE-0C1C-4DD4-8922-1449320C9101}"
EndProject
Global
	GlobalSection(SolutionConfigurationPlatforms) = preSolution
		Debug|x64 = Debug|x64
		Debug|x86 = Debug|x86
		Release|x64 = Release|x64
		Release|x86 = Release|x86
	EndGlobalSection
	GlobalSection(ProjectConfigurationPlatforms) = postSolution
		{AAD3E6BE-0C1C-4DD4-8922-1449320C9101}.Debug|x64.ActiveCfg = Debug|x64
		{AAD3E6BE-0C1C-4DD4-8922-1449320C9101}.Debug|x64.Build.0 = Debug|x64
		{AAD3E6BE-0C1C-4DD4-8922-1449320C9101}.Debug|x86.ActiveCfg = Debug|Win32
		{AAD3E6BE-0C1C-4DD4-8922-1449320C9101}.Debug|x86.Build.0 = Debug|Win32
		{AAD3E6BE-0C1C-4DD4-8922-1449320C9101}.Release|x64.ActiveCfg = Release|x64
		{AAD3E6BE-0C1C-4DD4-8922-1449320C9101}.Release|x64.Build.0 = Release|x64
		{AAD3E6BE-0C1C-4DD4-8922-1449320C9101}.Release|x86.ActiveCfg = Release|Win32
		{AAD3E6BE-0C1C-4DD4-8922-1449320C9101}.Release|x86.Build.0 = Release|Win32
	EndGlobalSection
	GlobalSection(SolutionProperties) = preSolution
		HideSolutionNode = FALSE
	EndGlobalSection
	GlobalSection(ExtensibilityGlobals) = postSolution
		SolutionGuid = {F7DADD80-EB2A-4B86-A10C-3C02E5BFA554}
	EndGlobalSection
EndGlobal
